
Microsoft Visual Studio Solution File, Format Version 12.00
Project("{FAE04EC0-301F-11D3-BF4B-00C04F79EFBC}") = "Sonata.Desktop", "src\Sonata.Desktop\Sonata.Desktop.csproj", "{F615CFD5-316F-4B4E-9A62-21B30DA0D871}"
EndProject
Project("{FAE04EC0-301F-11D3-BF4B-00C04F79EFBC}") = "Sonata.Server", "src\Sonata.Server\Sonata.Server.csproj", "{3798F12A-0B32-4942-972C-4AFFCEFBD0B1}"
EndProject
Project("{2150E333-8FDC-42A3-9474-1A3956D46DE8}") = "tests", "tests", "{0AB3BF05-4346-4AA6-1389-037BE0695223}"
EndProject
Project("{FAE04EC0-301F-11D3-BF4B-00C04F79EFBC}") = "Sonata.Server.Tests", "tests\Sonata.Server.Tests\Sonata.Server.Tests.csproj", "{10A93326-448B-47BE-B5C1-0D1B0C6ED5B0}"
EndProject
Project("{2150E333-8FDC-42A3-9474-1A3956D46DE8}") = "src", "src", "{827E0CD3-B72D-47B6-A68D-7590B98EB39B}"
EndProject
Global
	GlobalSection(SolutionConfigurationPlatforms) = preSolution
		Debug|Any CPU = Debug|Any CPU
		Debug|x64 = Debug|x64
		Debug|x86 = Debug|x86
		Release|Any CPU = Release|Any CPU
		Release|x64 = Release|x64
		Release|x86 = Release|x86
	EndGlobalSection
	GlobalSection(ProjectConfigurationPlatforms) = postSolution
		{F615CFD5-316F-4B4E-9A62-21B30DA0D871}.Debug|Any CPU.ActiveCfg = Debug|Any CPU
		{F615CFD5-316F-4B4E-9A62-21B30DA0D871}.Debug|Any CPU.Build.0 = Debug|Any CPU
		{F615CFD5-316F-4B4E-9A62-21B30DA0D871}.Debug|x64.ActiveCfg = Debug|Any CPU
		{F615CFD5-316F-4B4E-9A62-21B30DA0D871}.Debug|x64.Build.0 = Debug|Any CPU
		{F615CFD5-316F-4B4E-9A62-21B30DA0D871}.Debug|x86.ActiveCfg = Debug|Any CPU
		{F615CFD5-316F-4B4E-9A62-21B30DA0D871}.Debug|x86.Build.0 = Debug|Any CPU
		{F615CFD5-316F-4B4E-9A62-21B30DA0D871}.Release|Any CPU.ActiveCfg = Release|Any CPU
		{F615CFD5-316F-4B4E-9A62-21B30DA0D871}.Release|Any CPU.Build.0 = Release|Any CPU
		{F615CFD5-316F-4B4E-9A62-21B30DA0D871}.Release|x64.ActiveCfg = Release|Any CPU
		{F615CFD5-316F-4B4E-9A62-21B30DA0D871}.Release|x64.Build.0 = Release|Any CPU
		{F615CFD5-316F-4B4E-9A62-21B30DA0D871}.Release|x86.ActiveCfg = Release|Any CPU
		{F615CFD5-316F-4B4E-9A62-21B30DA0D871}.Release|x86.Build.0 = Release|Any CPU
		{3798F12A-0B32-4942-972C-4AFFCEFBD0B1}.Debug|Any CPU.ActiveCfg = Debug|Any CPU
		{3798F12A-0B32-4942-972C-4AFFCEFBD0B1}.Debug|Any CPU.Build.0 = Debug|Any CPU
		{3798F12A-0B32-4942-972C-4AFFCEFBD0B1}.Debug|x64.ActiveCfg = Debug|Any CPU
		{3798F12A-0B32-4942-972C-4AFFCEFBD0B1}.Debug|x64.Build.0 = Debug|Any CPU
		{3798F12A-0B32-4942-972C-4AFFCEFBD0B1}.Debug|x86.ActiveCfg = Debug|Any CPU
		{3798F12A-0B32-4942-972C-4AFFCEFBD0B1}.Debug|x86.Build.0 = Debug|Any CPU
		{3798F12A-0B32-4942-972C-4AFFCEFBD0B1}.Release|Any CPU.ActiveCfg = Release|Any CPU
		{3798F12A-0B32-4942-972C-4AFFCEFBD0B1}.Release|Any CPU.Build.0 = Release|Any CPU
		{3798F12A-0B32-4942-972C-4AFFCEFBD0B1}.Release|x64.ActiveCfg = Release|Any CPU
		{3798F12A-0B32-4942-972C-4AFFCEFBD0B1}.Release|x64.Build.0 = Release|Any CPU
		{3798F12A-0B32-4942-972C-4AFFCEFBD0B1}.Release|x86.ActiveCfg = Release|Any CPU
		{3798F12A-0B32-4942-972C-4AFFCEFBD0B1}.Release|x86.Build.0 = Release|Any CPU
		{10A93326-448B-47BE-B5C1-0D1B0C6ED5B0}.Debug|Any CPU.ActiveCfg = Debug|Any CPU
		{10A93326-448B-47BE-B5C1-0D1B0C6ED5B0}.Debug|Any CPU.Build.0 = Debug|Any CPU
		{10A93326-448B-47BE-B5C1-0D1B0C6ED5B0}.Debug|x64.ActiveCfg = Debug|Any CPU
		{10A93326-448B-47BE-B5C1-0D1B0C6ED5B0}.Debug|x64.Build.0 = Debug|Any CPU
		{10A93326-448B-47BE-B5C1-0D1B0C6ED5B0}.Debug|x86.ActiveCfg = Debug|Any CPU
		{10A93326-448B-47BE-B5C1-0D1B0C6ED5B0}.Debug|x86.Build.0 = Debug|Any CPU
		{10A93326-448B-47BE-B5C1-0D1B0C6ED5B0}.Release|Any CPU.ActiveCfg = Release|Any CPU
		{10A93326-448B-47BE-B5C1-0D1B0C6ED5B0}.Release|Any CPU.Build.0 = Release|Any CPU
		{10A93326-448B-47BE-B5C1-0D1B0C6ED5B0}.Release|x64.ActiveCfg = Release|Any CPU
		{10A93326-448B-47BE-B5C1-0D1B0C6ED5B0}.Release|x64.Build.0 = Release|Any CPU
		{10A93326-448B-47BE-B5C1-0D1B0C6ED5B0}.Release|x86.ActiveCfg = Release|Any CPU
		{10A93326-448B-47BE-B5C1-0D1B0C6ED5B0}.Release|x86.Build.0 = Release|Any CPU
	EndGlobalSection
	GlobalSection(SolutionProperties) = preSolution
		HideSolutionNode = FALSE
	EndGlobalSection
	GlobalSection(NestedProjects) = preSolution
		{10A93326-448B-47BE-B5C1-0D1B0C6ED5B0} = {0AB3BF05-4346-4AA6-1389-037BE0695223}
	EndGlobalSection
EndGlobal
